{
  "version": 4,
  "terraform_version": "1.3.7",
  "serial": 1025,
  "lineage": "107a883f-5b95-2701-922f-05a2f89403f0",
  "outputs": {
    "print_public_ip": {
      "value": {
        "kubemaster": {
          "arn": "arn:aws:ec2:us-east-1:556563769160:instance/i-0f4a4280ee9ba2ab7",
          "capacity_reservation_specification": [
            {
              "capacity_reservation_preference": "open",
              "capacity_reservation_target": []
            }
          ],
          "id": "i-0f4a4280ee9ba2ab7",
          "instance_state": "running",
          "ipv6_addresses": [],
          "outpost_arn": "",
          "password_data": "",
          "primary_network_interface_id": "eni-0f9d8b8a1f8d393b5",
          "private_dns": "ip-10-0-1-10.ec2.internal",
          "private_ip": "10.0.1.10",
          "public_dns": "",
          "public_ip": "3.95.232.59",
          "spot_bid_status": "",
          "spot_instance_id": "",
          "spot_request_state": "",
          "tags_all": {
            "Environment": "dev",
            "Name": "kubemaster",
            "Terraform": "true"
          }
        },
        "kubeworker-1": {
          "arn": "arn:aws:ec2:us-east-1:556563769160:instance/i-0c9278d434f174325",
          "capacity_reservation_specification": [
            {
              "capacity_reservation_preference": "open",
              "capacity_reservation_target": []
            }
          ],
          "id": "i-0c9278d434f174325",
          "instance_state": "running",
          "ipv6_addresses": [],
          "outpost_arn": "",
          "password_data": "",
          "primary_network_interface_id": "eni-043ad245d39432c5a",
          "private_dns": "ip-10-0-1-11.ec2.internal",
          "private_ip": "10.0.1.11",
          "public_dns": "",
          "public_ip": "107.22.77.133",
          "spot_bid_status": "",
          "spot_instance_id": "",
          "spot_request_state": "",
          "tags_all": {
            "Environment": "dev",
            "Name": "kubeworker-1",
            "Terraform": "true"
          }
        },
        "kubeworker-2": {
          "arn": "arn:aws:ec2:us-east-1:556563769160:instance/i-0ea633a4683f76332",
          "capacity_reservation_specification": [
            {
              "capacity_reservation_preference": "open",
              "capacity_reservation_target": []
            }
          ],
          "id": "i-0ea633a4683f76332",
          "instance_state": "running",
          "ipv6_addresses": [],
          "outpost_arn": "",
          "password_data": "",
          "primary_network_interface_id": "eni-0a124ba244250d0f2",
          "private_dns": "ip-10-0-1-12.ec2.internal",
          "private_ip": "10.0.1.12",
          "public_dns": "",
          "public_ip": "54.198.244.229",
          "spot_bid_status": "",
          "spot_instance_id": "",
          "spot_request_state": "",
          "tags_all": {
            "Environment": "dev",
            "Name": "kubeworker-2",
            "Terraform": "true"
          }
        },
        "nfs-server": {
          "arn": "arn:aws:ec2:us-east-1:556563769160:instance/i-039e5436965969d77",
          "capacity_reservation_specification": [
            {
              "capacity_reservation_preference": "open",
              "capacity_reservation_target": []
            }
          ],
          "id": "i-039e5436965969d77",
          "instance_state": "running",
          "ipv6_addresses": [],
          "outpost_arn": "",
          "password_data": "",
          "primary_network_interface_id": "eni-087680f790d8df963",
          "private_dns": "ip-10-0-1-13.ec2.internal",
          "private_ip": "10.0.1.13",
          "public_dns": "",
          "public_ip": "54.175.75.194",
          "spot_bid_status": "",
          "spot_instance_id": "",
          "spot_request_state": "",
          "tags_all": {
            "Environment": "dev",
            "Name": "nfs-server",
            "Terraform": "true"
          }
        }
      },
      "type": [
        "object",
        {
          "kubemaster": [
            "object",
            {
              "arn": "string",
              "capacity_reservation_specification": [
                "list",
                [
                  "object",
                  {
                    "capacity_reservation_preference": "string",
                    "capacity_reservation_target": [
                      "list",
                      [
                        "object",
                        {
                          "capacity_reservation_id": "string",
                          "capacity_reservation_resource_group_arn": "string"
                        }
                      ]
                    ]
                  }
                ]
              ],
              "id": "string",
              "instance_state": "string",
              "ipv6_addresses": [
                "list",
                "string"
              ],
              "outpost_arn": "string",
              "password_data": "string",
              "primary_network_interface_id": "string",
              "private_dns": "string",
              "private_ip": "string",
              "public_dns": "string",
              "public_ip": "string",
              "spot_bid_status": "string",
              "spot_instance_id": "string",
              "spot_request_state": "string",
              "tags_all": [
                "map",
                "string"
              ]
            }
          ],
          "kubeworker-1": [
            "object",
            {
              "arn": "string",
              "capacity_reservation_specification": [
                "list",
                [
                  "object",
                  {
                    "capacity_reservation_preference": "string",
                    "capacity_reservation_target": [
                      "list",
                      [
                        "object",
                        {
                          "capacity_reservation_id": "string",
                          "capacity_reservation_resource_group_arn": "string"
                        }
                      ]
                    ]
                  }
                ]
              ],
              "id": "string",
              "instance_state": "string",
              "ipv6_addresses": [
                "list",
                "string"
              ],
              "outpost_arn": "string",
              "password_data": "string",
              "primary_network_interface_id": "string",
              "private_dns": "string",
              "private_ip": "string",
              "public_dns": "string",
              "public_ip": "string",
              "spot_bid_status": "string",
              "spot_instance_id": "string",
              "spot_request_state": "string",
              "tags_all": [
                "map",
                "string"
              ]
            }
          ],
          "kubeworker-2": [
            "object",
            {
              "arn": "string",
              "capacity_reservation_specification": [
                "list",
                [
                  "object",
                  {
                    "capacity_reservation_preference": "string",
                    "capacity_reservation_target": [
                      "list",
                      [
                        "object",
                        {
                          "capacity_reservation_id": "string",
                          "capacity_reservation_resource_group_arn": "string"
                        }
                      ]
                    ]
                  }
                ]
              ],
              "id": "string",
              "instance_state": "string",
              "ipv6_addresses": [
                "list",
                "string"
              ],
              "outpost_arn": "string",
              "password_data": "string",
              "primary_network_interface_id": "string",
              "private_dns": "string",
              "private_ip": "string",
              "public_dns": "string",
              "public_ip": "string",
              "spot_bid_status": "string",
              "spot_instance_id": "string",
              "spot_request_state": "string",
              "tags_all": [
                "map",
                "string"
              ]
            }
          ],
          "nfs-server": [
            "object",
            {
              "arn": "string",
              "capacity_reservation_specification": [
                "list",
                [
                  "object",
                  {
                    "capacity_reservation_preference": "string",
                    "capacity_reservation_target": [
                      "list",
                      [
                        "object",
                        {
                          "capacity_reservation_id": "string",
                          "capacity_reservation_resource_group_arn": "string"
                        }
                      ]
                    ]
                  }
                ]
              ],
              "id": "string",
              "instance_state": "string",
              "ipv6_addresses": [
                "list",
                "string"
              ],
              "outpost_arn": "string",
              "password_data": "string",
              "primary_network_interface_id": "string",
              "private_dns": "string",
              "private_ip": "string",
              "public_dns": "string",
              "public_ip": "string",
              "spot_bid_status": "string",
              "spot_instance_id": "string",
              "spot_request_state": "string",
              "tags_all": [
                "map",
                "string"
              ]
            }
          ]
        }
      ]
    }
  },
  "resources": [
    {
      "mode": "managed",
      "type": "aws_internet_gateway",
      "name": "proj-ig",
      "provider": "provider[\"registry.terraform.io/hashicorp/aws\"]",
      "instances": [
        {
          "schema_version": 0,
          "attributes": {
            "arn": "arn:aws:ec2:us-east-1:556563769160:internet-gateway/igw-079e166e74595edc3",
            "id": "igw-079e166e74595edc3",
            "owner_id": "556563769160",
            "tags": {
              "Name": "gateway1"
            },
            "tags_all": {
              "Name": "gateway1"
            },
            "timeouts": null,
            "vpc_id": "vpc-0737b59131f2a6943"
          },
          "sensitive_attributes": [],
          "private": "eyJlMmJmYjczMC1lY2FhLTExZTYtOGY4OC0zNDM2M2JjN2M0YzAiOnsiY3JlYXRlIjoxMjAwMDAwMDAwMDAwLCJkZWxldGUiOjEyMDAwMDAwMDAwMDAsInVwZGF0ZSI6MTIwMDAwMDAwMDAwMH19",
          "dependencies": [
            "aws_vpc.proj-vpc"
          ]
        }
      ]
    },
    {
      "mode": "managed",
      "type": "aws_key_pair",
      "name": "generated_key",
      "provider": "provider[\"registry.terraform.io/hashicorp/aws\"]",
      "instances": [
        {
          "schema_version": 1,
          "attributes": {
            "arn": "arn:aws:ec2:us-east-1:556563769160:key-pair/terraform-key",
            "fingerprint": "40:fe:cc:a7:b3:f6:0b:f0:71:d4:2c:80:0a:19:8e:79",
            "id": "terraform-key",
            "key_name": "terraform-key",
            "key_name_prefix": "",
            "key_pair_id": "key-0b0ed8403968e7bf0",
            "key_type": "rsa",
            "public_key": "ssh-rsa AAAAB3NzaC1yc2EAAAADAQABAAACAQDG+ssvmscsILQ7u4AS0ZQb8Lbh+3RsC0RCbGx6eAIjkmQE8c5sXtOGKz56LCpEfJ5w7weD/Gsk/SwEnLMfNnXRmczCmYrApM/mfHDuqZTQdtOWHEnjk24uVklcsrgNqInc3ctrZwzyn6woBdZdbnnpcTQJ4nm9rdCVskxSp241JdKoxr5GtepNUF9THEgUPKvKMT0XhxWeIYioBCDZlgq4TAexb57jYzf+qmztpUTlA8rU1zlh7dvvpi249/1GFHtxY8nbpitEGyto09MNtJ1KqpFv0LEz6+uF7fWVv0vVGIg9myKjiCafVQeJ7hiXvh8+ujENb+YqXzJwIbMlsqiOrnjiDjzZrFIxHcgZUxFEt2XgSuGPVqdBw8U1x0pNQ88HDmtE2mJMD+BLfOkzEjojguBMoYX4s8QYdL2GqqRYSLnfthwNnalUUI6OiSaHLgeAbwOZ9QPlbh3P2DzZy+kOpbQRPaxlpAZ+zFHmakToBDQyjNKfsr8PWFvdWyq0vZqARwj5osGTq9SrqjQLfqiD8P1Yab3IgJS18MhkBaSp8/sTlIGbI/D2/vWl/wiZbT5Fn4eTZ8fVxXupL6sDY/0ULEcVv2T/RQb3PT5Srqoulkb6ccAiOr8Ykq9Q+FE30cPFE7OK7hd9XGIp703x+u+1J+jbr+2K6hGH3kbJgo9E6w==",
            "tags": null,
            "tags_all": {}
          },
          "sensitive_attributes": [],
          "private": "eyJzY2hlbWFfdmVyc2lvbiI6IjEifQ==",
          "dependencies": [
            "tls_private_key.createkey"
          ]
        }
      ]
    },
    {
      "mode": "managed",
      "type": "aws_route_table",
      "name": "proj-rt",
      "provider": "provider[\"registry.terraform.io/hashicorp/aws\"]",
      "instances": [
        {
          "schema_version": 0,
          "attributes": {
            "arn": "arn:aws:ec2:us-east-1:556563769160:route-table/rtb-07511b2ca6221db01",
            "id": "rtb-07511b2ca6221db01",
            "owner_id": "556563769160",
            "propagating_vgws": [],
            "route": [
              {
                "carrier_gateway_id": "",
                "cidr_block": "",
                "core_network_arn": "",
                "destination_prefix_list_id": "",
                "egress_only_gateway_id": "",
                "gateway_id": "igw-079e166e74595edc3",
                "instance_id": "",
                "ipv6_cidr_block": "::/0",
                "local_gateway_id": "",
                "nat_gateway_id": "",
                "network_interface_id": "",
                "transit_gateway_id": "",
                "vpc_endpoint_id": "",
                "vpc_peering_connection_id": ""
              },
              {
                "carrier_gateway_id": "",
                "cidr_block": "0.0.0.0/0",
                "core_network_arn": "",
                "destination_prefix_list_id": "",
                "egress_only_gateway_id": "",
                "gateway_id": "igw-079e166e74595edc3",
                "instance_id": "",
                "ipv6_cidr_block": "",
                "local_gateway_id": "",
                "nat_gateway_id": "",
                "network_interface_id": "",
                "transit_gateway_id": "",
                "vpc_endpoint_id": "",
                "vpc_peering_connection_id": ""
              }
            ],
            "tags": {
              "Name": "rt1"
            },
            "tags_all": {
              "Name": "rt1"
            },
            "timeouts": null,
            "vpc_id": "vpc-0737b59131f2a6943"
          },
          "sensitive_attributes": [],
          "private": "eyJlMmJmYjczMC1lY2FhLTExZTYtOGY4OC0zNDM2M2JjN2M0YzAiOnsiY3JlYXRlIjozMDAwMDAwMDAwMDAsImRlbGV0ZSI6MzAwMDAwMDAwMDAwLCJ1cGRhdGUiOjEyMDAwMDAwMDAwMH19",
          "dependencies": [
            "aws_internet_gateway.proj-ig",
            "aws_vpc.proj-vpc"
          ]
        }
      ]
    },
    {
      "mode": "managed",
      "type": "aws_route_table_association",
      "name": "proj-rt-sub-assoc",
      "provider": "provider[\"registry.terraform.io/hashicorp/aws\"]",
      "instances": [
        {
          "schema_version": 0,
          "attributes": {
            "gateway_id": "",
            "id": "rtbassoc-0865a8aa21ea582cf",
            "route_table_id": "rtb-07511b2ca6221db01",
            "subnet_id": "subnet-072a4922b6ce99c37"
          },
          "sensitive_attributes": [],
          "private": "bnVsbA==",
          "dependencies": [
            "aws_internet_gateway.proj-ig",
            "aws_route_table.proj-rt",
            "aws_subnet.proj-subnet",
            "aws_vpc.proj-vpc"
          ]
        }
      ]
    },
    {
      "mode": "managed",
      "type": "aws_security_group",
      "name": "proj-sg",
      "provider": "provider[\"registry.terraform.io/hashicorp/aws\"]",
      "instances": [
        {
          "schema_version": 1,
          "attributes": {
            "arn": "arn:aws:ec2:us-east-1:556563769160:security-group/sg-0930e8db1e5021853",
            "description": "Enable web traffic for the project",
            "egress": [
              {
                "cidr_blocks": [
                  "0.0.0.0/0"
                ],
                "description": "",
                "from_port": 0,
                "ipv6_cidr_blocks": [
                  "::/0"
                ],
                "prefix_list_ids": [],
                "protocol": "-1",
                "security_groups": [],
                "self": false,
                "to_port": 0
              }
            ],
            "id": "sg-0930e8db1e5021853",
            "ingress": [
              {
                "cidr_blocks": [
                  "0.0.0.0/0"
                ],
                "description": "",
                "from_port": 6433,
                "ipv6_cidr_blocks": [],
                "prefix_list_ids": [],
                "protocol": "tcp",
                "security_groups": [],
                "self": false,
                "to_port": 6433
              },
              {
                "cidr_blocks": [
                  "0.0.0.0/0"
                ],
                "description": "HTTP traffic",
                "from_port": 80,
                "ipv6_cidr_blocks": [],
                "prefix_list_ids": [],
                "protocol": "tcp",
                "security_groups": [],
                "self": false,
                "to_port": 80
              },
              {
                "cidr_blocks": [
                  "0.0.0.0/0"
                ],
                "description": "HTTPS traffic",
                "from_port": 443,
                "ipv6_cidr_blocks": [],
                "prefix_list_ids": [],
                "protocol": "tcp",
                "security_groups": [],
                "self": false,
                "to_port": 443
              },
              {
                "cidr_blocks": [
                  "0.0.0.0/0"
                ],
                "description": "NFS traffic",
                "from_port": 2049,
                "ipv6_cidr_blocks": [],
                "prefix_list_ids": [],
                "protocol": "tcp",
                "security_groups": [],
                "self": false,
                "to_port": 2049
              },
              {
                "cidr_blocks": [
                  "0.0.0.0/0"
                ],
                "description": "SSH port",
                "from_port": 22,
                "ipv6_cidr_blocks": [],
                "prefix_list_ids": [],
                "protocol": "tcp",
                "security_groups": [],
                "self": false,
                "to_port": 22
              },
              {
                "cidr_blocks": [
                  "0.0.0.0/0"
                ],
                "description": "SSH port",
                "from_port": 8080,
                "ipv6_cidr_blocks": [],
                "prefix_list_ids": [],
                "protocol": "tcp",
                "security_groups": [],
                "self": false,
                "to_port": 8080
              },
              {
                "cidr_blocks": [
                  "10.0.1.0/24"
                ],
                "description": "",
                "from_port": 0,
                "ipv6_cidr_blocks": [],
                "prefix_list_ids": [],
                "protocol": "-1",
                "security_groups": [],
                "self": false,
                "to_port": 0
              }
            ],
            "name": "proj-sg",
            "name_prefix": "",
            "owner_id": "556563769160",
            "revoke_rules_on_delete": false,
            "tags": {
              "Name": "proj-sg1"
            },
            "tags_all": {
              "Name": "proj-sg1"
            },
            "timeouts": null,
            "vpc_id": "vpc-0737b59131f2a6943"
          },
          "sensitive_attributes": [],
          "private": "eyJlMmJmYjczMC1lY2FhLTExZTYtOGY4OC0zNDM2M2JjN2M0YzAiOnsiY3JlYXRlIjo2MDAwMDAwMDAwMDAsImRlbGV0ZSI6OTAwMDAwMDAwMDAwfSwic2NoZW1hX3ZlcnNpb24iOiIxIn0=",
          "dependencies": [
            "aws_vpc.proj-vpc"
          ]
        }
      ]
    },
    {
      "mode": "managed",
      "type": "aws_subnet",
      "name": "proj-subnet",
      "provider": "provider[\"registry.terraform.io/hashicorp/aws\"]",
      "instances": [
        {
          "schema_version": 1,
          "attributes": {
            "arn": "arn:aws:ec2:us-east-1:556563769160:subnet/subnet-072a4922b6ce99c37",
            "assign_ipv6_address_on_creation": false,
            "availability_zone": "us-east-1b",
            "availability_zone_id": "use1-az6",
            "cidr_block": "10.0.1.0/24",
            "customer_owned_ipv4_pool": "",
            "enable_dns64": false,
            "enable_resource_name_dns_a_record_on_launch": false,
            "enable_resource_name_dns_aaaa_record_on_launch": false,
            "id": "subnet-072a4922b6ce99c37",
            "ipv6_cidr_block": "",
            "ipv6_cidr_block_association_id": "",
            "ipv6_native": false,
            "map_customer_owned_ip_on_launch": false,
            "map_public_ip_on_launch": false,
            "outpost_arn": "",
            "owner_id": "556563769160",
            "private_dns_hostname_type_on_launch": "ip-name",
            "tags": {
              "Name": "subnet1"
            },
            "tags_all": {
              "Name": "subnet1"
            },
            "timeouts": null,
            "vpc_id": "vpc-0737b59131f2a6943"
          },
          "sensitive_attributes": [],
          "private": "eyJlMmJmYjczMC1lY2FhLTExZTYtOGY4OC0zNDM2M2JjN2M0YzAiOnsiY3JlYXRlIjo2MDAwMDAwMDAwMDAsImRlbGV0ZSI6MTIwMDAwMDAwMDAwMH0sInNjaGVtYV92ZXJzaW9uIjoiMSJ9",
          "dependencies": [
            "aws_vpc.proj-vpc"
          ]
        }
      ]
    },
    {
      "mode": "managed",
      "type": "aws_vpc",
      "name": "proj-vpc",
      "provider": "provider[\"registry.terraform.io/hashicorp/aws\"]",
      "instances": [
        {
          "schema_version": 1,
          "attributes": {
            "arn": "arn:aws:ec2:us-east-1:556563769160:vpc/vpc-0737b59131f2a6943",
            "assign_generated_ipv6_cidr_block": false,
            "cidr_block": "10.0.0.0/16",
            "default_network_acl_id": "acl-0f4dc13e2d6f04386",
            "default_route_table_id": "rtb-0bccde84c29ee69e7",
            "default_security_group_id": "sg-0be4f86576c38ac7e",
            "dhcp_options_id": "dopt-063613669fd74e3f6",
            "enable_classiclink": false,
            "enable_classiclink_dns_support": false,
            "enable_dns_hostnames": false,
            "enable_dns_support": true,
            "enable_network_address_usage_metrics": false,
            "id": "vpc-0737b59131f2a6943",
            "instance_tenancy": "default",
            "ipv4_ipam_pool_id": null,
            "ipv4_netmask_length": null,
            "ipv6_association_id": "",
            "ipv6_cidr_block": "",
            "ipv6_cidr_block_network_border_group": "",
            "ipv6_ipam_pool_id": "",
            "ipv6_netmask_length": 0,
            "main_route_table_id": "rtb-0bccde84c29ee69e7",
            "owner_id": "556563769160",
            "tags": null,
            "tags_all": {}
          },
          "sensitive_attributes": [],
          "private": "eyJzY2hlbWFfdmVyc2lvbiI6IjEifQ=="
        }
      ]
    },
    {
      "mode": "managed",
      "type": "null_resource",
      "name": "savekey",
      "provider": "provider[\"registry.terraform.io/hashicorp/null\"]",
      "instances": [
        {
          "schema_version": 0,
          "attributes": {
            "id": "3734972771574857785",
            "triggers": null
          },
          "sensitive_attributes": [],
          "dependencies": [
            "tls_private_key.createkey"
          ]
        }
      ]
    },
    {
      "mode": "managed",
      "type": "tls_private_key",
      "name": "createkey",
      "provider": "provider[\"registry.terraform.io/hashicorp/tls\"]",
      "instances": [
        {
          "schema_version": 1,
          "attributes": {
            "algorithm": "RSA",
            "ecdsa_curve": "P224",
            "id": "861f7723d49267da0fcb77ee3c8d3725d44dc262",
            "private_key_openssh": "-----BEGIN OPENSSH PRIVATE KEY-----\nb3BlbnNzaC1rZXktdjEAAAAABG5vbmUAAAAEbm9uZQAAAAAAAAABAAACFwAAAAdz\nc2gtcnNhAAAAAwEAAQAAAgEAxvrLL5rHLCC0O7uAEtGUG/C24ft0bAtEQmxsengC\nI5JkBPHObF7This+eiwqRHyecO8Hg/xrJP0sBJyzHzZ10ZnMwpmKwKTP5nxw7qmU\n0HbTlhxJ45NuLlZJXLK4DaiJ3N3La2cM8p+sKAXWXW556XE0CeJ5va3QlbJMUqdu\nNSXSqMa+RrXqTVBfUxxIFDyryjE9F4cVniGIqAQg2ZYKuEwHsW+e42M3/qps7aVE\n5QPK1Nc5Ye3b76YtuPf9RhR7cWPJ26YrRBsraNPTDbSdSqqRb9CxM+vrhe31lb9L\n1RiIPZsio4gmn1UHie4Yl74fProxDW/mKl8ycCGzJbKojq544g482axSMR3IGVMR\nRLdl4Erhj1anQcPFNcdKTUPPBw5rRNpiTA/gS3zpMxI6I4LgTKGF+LPEGHS9hqqk\nWEi537YcDZ2pVFCOjokmhy4HgG8DmfUD5W4dz9g82cvpDqW0ET2sZaQGfsxR5mpE\n6AQ0MozSn7K/D1hb3VsqtL2agEcI+aLBk6vUq6o0C36og/D9WGm9yICUtfDIZAWk\nqfP7E5SBmyPw9v71pf8ImW0+RZ+Hk2fH1cV7qS+rA2P9FCxHFb9k/0UG9z0+Uq6q\nLpZG+nHAIjq/GJKvUPhRN9HDxROziu4XfVxiKe9N8frvtSfo26/tiuoRh95GyYKP\nROsAAAc4qKeEAKinhAAAAAAHc3NoLXJzYQAAAgEAxvrLL5rHLCC0O7uAEtGUG/C2\n4ft0bAtEQmxsengCI5JkBPHObF7This+eiwqRHyecO8Hg/xrJP0sBJyzHzZ10ZnM\nwpmKwKTP5nxw7qmU0HbTlhxJ45NuLlZJXLK4DaiJ3N3La2cM8p+sKAXWXW556XE0\nCeJ5va3QlbJMUqduNSXSqMa+RrXqTVBfUxxIFDyryjE9F4cVniGIqAQg2ZYKuEwH\nsW+e42M3/qps7aVE5QPK1Nc5Ye3b76YtuPf9RhR7cWPJ26YrRBsraNPTDbSdSqqR\nb9CxM+vrhe31lb9L1RiIPZsio4gmn1UHie4Yl74fProxDW/mKl8ycCGzJbKojq54\n4g482axSMR3IGVMRRLdl4Erhj1anQcPFNcdKTUPPBw5rRNpiTA/gS3zpMxI6I4Lg\nTKGF+LPEGHS9hqqkWEi537YcDZ2pVFCOjokmhy4HgG8DmfUD5W4dz9g82cvpDqW0\nET2sZaQGfsxR5mpE6AQ0MozSn7K/D1hb3VsqtL2agEcI+aLBk6vUq6o0C36og/D9\nWGm9yICUtfDIZAWkqfP7E5SBmyPw9v71pf8ImW0+RZ+Hk2fH1cV7qS+rA2P9FCxH\nFb9k/0UG9z0+Uq6qLpZG+nHAIjq/GJKvUPhRN9HDxROziu4XfVxiKe9N8frvtSfo\n26/tiuoRh95GyYKPROsAAAADAQABAAACADqm9nmj0A3r3fS1gj0J1fSeceoO6vRm\nJcrGlvtKoKbHof/rHwPGt+cWnCX7GsJxUWrMqpR3NUYD8pOxdQNAVF5iTX8XL1U1\nv6qbB9bx2dHRFPFsiUMx1AqImLtgWux7v5eBMVMJX0GtW1u4zMVhqUHsgoBfZ69H\nqvJVSjYa8FtuOLhTTQce3F/Jzy96aKy+bYz+Epn60Z55GAUeomhA2AwXLTVaR6WT\nO5AvwEgUrUgsY/91KY76RBhSDaw2PUwJAZIc7gV25839jEAsIEwr7ylxOcmR5In/\ngr9Js1heuQWpY491STKXEXtp3v0DV/BytFcTHx5s25Wl1gJDjMER9qkDKjkHiIRP\nHrXDle9XxMifniwT5W57nCTKyeqhV/kFVccY3csiJ3SmMZYaM+YH2sZK8BZ9vvzC\nNSFh3nfgUX4n8uKMRJ25VFoCRWsp32ANx7N0MjFrDUwdyugqdSAn40H6fAE1nmFQ\nWNGYILgYslB2A/riyDOTmJdvHpptffhnHWFVm+PNYHKQ5TTi9CZmxZkGAwugdmdl\nB449vkRH1Rs8Na6C7kyQqL45Yws6/6Ix+6JfICMc8We0J7Zqc2aAP3DKLr7pgHvA\nqwQdWjyw7EPFUITToGuA5ZjZVo1cex/JzhFGsa4wZDH8p2qd4q+1WaGoB+DKUhKi\nLqHdP5osE2dhAAABAGJUKUotZPCpp35PbWWOPJsTVNDl01Roqnag9TXVTTVWZsL+\n0DRna5xDycJ7tst7f4uUa3ytpNz1EtMl6WvyN4rkNJndfjR7Z3hu3OmhoK1UMb5s\nLx1OV3fdmXq9j/xoxYrOM15CJBeEocjNHodEe7/5CAQ3Mgi7F8vltCWS/lXV5bpS\nZ17eUOeqYe9KV7KZ3+TVVjx8C9mIE/BMl/na7cBARj5itqEHSY2SBHIOisZFwV8F\nWfp1nAsio7lKA+zTM4AFC8jZsfMHCGaw7TT30GcBa7qMAwwe87JUU759BaunqR1R\nxaV7gTuEswsGAq3pIPhj4MEhTgfyD3+YppwNrY4AAAEBAOI+zY7suS/dBdV8J6Vf\nsJHSFTKEXkPdjQ56QVh9jrQUMI8v1LnibxbsGmmr+IhIRPglAoAgBJEH8rE2xkjw\nbGVj71wXl7qWrXQj5V9zEZpfnv3r+4CnoTjIFN+5DLUDnBarvZskpzZc6vlcZ0xK\ntQ+WpScjufwyOBV178WosCAnB0495z5ZDtyIhuzbx8IXm+2LAy55HkXGZbNazwon\naMvUV4X2fWqD2/jtoj3Jn6g2H4cDDZh+KyCRDIrlHm9UI1qOzPxk62j5j6wkXHjJ\nLAZaYcXYoW0rE6tYrf+jXXX+KcRVKSPtuFqe60+LsheUFO623weFvfW0rkby5uJY\nSckAAAEBAOEmA54dzF40EGdWKYagG4XUGHVzqXCTlHDS+ttFkf3DUDhm+9Q9g3lO\n/V57v3wtvUiSuEhJRRbBt/+V/pojQe07/C78gmyMBXijM2p+4HOCjAV92WHngHan\nNBn41Wy5KVUK4AfHti0SKYE+YQQ8migo0VfBGcTpuRPM6hxalPCzypBaJaTIW3Ix\nUxe1fKeMbgxZ2SW4YeHEYlnwe9sA9tKjUb32EMccfvDq4Ps5jZYYjMmwTcQzytok\nzn6+FvJNRuHJjNi9zS9sTeE3uZS5KmcoVYJNqQSxBIUtJh/6UBNx64AYsR1TsYq3\nMfAgoojh/Jfz0x+wAsD7Sff+eKQ48xMAAAAAAQID\n-----END OPENSSH PRIVATE KEY-----\n",
            "private_key_pem": "-----BEGIN RSA PRIVATE KEY-----\nMIIJJwIBAAKCAgEAxvrLL5rHLCC0O7uAEtGUG/C24ft0bAtEQmxsengCI5JkBPHO\nbF7This+eiwqRHyecO8Hg/xrJP0sBJyzHzZ10ZnMwpmKwKTP5nxw7qmU0HbTlhxJ\n45NuLlZJXLK4DaiJ3N3La2cM8p+sKAXWXW556XE0CeJ5va3QlbJMUqduNSXSqMa+\nRrXqTVBfUxxIFDyryjE9F4cVniGIqAQg2ZYKuEwHsW+e42M3/qps7aVE5QPK1Nc5\nYe3b76YtuPf9RhR7cWPJ26YrRBsraNPTDbSdSqqRb9CxM+vrhe31lb9L1RiIPZsi\no4gmn1UHie4Yl74fProxDW/mKl8ycCGzJbKojq544g482axSMR3IGVMRRLdl4Erh\nj1anQcPFNcdKTUPPBw5rRNpiTA/gS3zpMxI6I4LgTKGF+LPEGHS9hqqkWEi537Yc\nDZ2pVFCOjokmhy4HgG8DmfUD5W4dz9g82cvpDqW0ET2sZaQGfsxR5mpE6AQ0MozS\nn7K/D1hb3VsqtL2agEcI+aLBk6vUq6o0C36og/D9WGm9yICUtfDIZAWkqfP7E5SB\nmyPw9v71pf8ImW0+RZ+Hk2fH1cV7qS+rA2P9FCxHFb9k/0UG9z0+Uq6qLpZG+nHA\nIjq/GJKvUPhRN9HDxROziu4XfVxiKe9N8frvtSfo26/tiuoRh95GyYKPROsCAwEA\nAQKCAgA6pvZ5o9AN6930tYI9CdX0nnHqDur0ZiXKxpb7SqCmx6H/6x8DxrfnFpwl\n+xrCcVFqzKqUdzVGA/KTsXUDQFReYk1/Fy9VNb+qmwfW8dnR0RTxbIlDMdQKiJi7\nYFrse7+XgTFTCV9BrVtbuMzFYalB7IKAX2evR6ryVUo2GvBbbji4U00HHtxfyc8v\nemisvm2M/hKZ+tGeeRgFHqJoQNgMFy01WkelkzuQL8BIFK1ILGP/dSmO+kQYUg2s\nNj1MCQGSHO4FdufN/YxALCBMK+8pcTnJkeSJ/4K/SbNYXrkFqWOPdUkylxF7ad79\nA1fwcrRXEx8ebNuVpdYCQ4zBEfapAyo5B4iETx61w5XvV8TIn54sE+Vue5wkysnq\noVf5BVXHGN3LIid0pjGWGjPmB9rGSvAWfb78wjUhYd534FF+J/LijESduVRaAkVr\nKd9gDcezdDIxaw1MHcroKnUgJ+NB+nwBNZ5hUFjRmCC4GLJQdgP64sgzk5iXbx6a\nbX34Zx1hVZvjzWBykOU04vQmZsWZBgMLoHZnZQeOPb5ER9UbPDWugu5MkKi+OWML\nOv+iMfuiXyAjHPFntCe2anNmgD9wyi6+6YB7wKsEHVo8sOxDxVCE06BrgOWY2VaN\nXHsfyc4RRrGuMGQx/KdqneKvtVmhqAfgylISoi6h3T+aLBNnYQKCAQEA4j7Njuy5\nL90F1XwnpV+wkdIVMoReQ92NDnpBWH2OtBQwjy/UueJvFuwaaav4iEhE+CUCgCAE\nkQfysTbGSPBsZWPvXBeXupatdCPlX3MRml+e/ev7gKehOMgU37kMtQOcFqu9mySn\nNlzq+VxnTEq1D5alJyO5/DI4FXXvxaiwICcHTj3nPlkO3IiG7NvHwheb7YsDLnke\nRcZls1rPCidoy9RXhfZ9aoPb+O2iPcmfqDYfhwMNmH4rIJEMiuUeb1QjWo7M/GTr\naPmPrCRceMksBlphxdihbSsTq1it/6Nddf4pxFUpI+24Wp7rT4uyF5QU7rbfB4W9\n9bSuRvLm4lhJyQKCAQEA4SYDnh3MXjQQZ1YphqAbhdQYdXOpcJOUcNL620WR/cNQ\nOGb71D2DeU79Xnu/fC29SJK4SElFFsG3/5X+miNB7Tv8LvyCbIwFeKMzan7gc4KM\nBX3ZYeeAdqc0GfjVbLkpVQrgB8e2LRIpgT5hBDyaKCjRV8EZxOm5E8zqHFqU8LPK\nkFolpMhbcjFTF7V8p4xuDFnZJbhh4cRiWfB72wD20qNRvfYQxxx+8Org+zmNlhiM\nybBNxDPK2iTOfr4W8k1G4cmM2L3NL2xN4Te5lLkqZyhVgk2pBLEEhS0mH/pQE3Hr\ngBixHVOxircx8CCiiOH8l/PTH7ACwPtJ9/54pDjzEwKCAQBl1tc4ip4hSWAi5KwD\n6LrWKLaZ8rNr4QJpjeZ0KrBdpujkyyb6NU7EBqss/df1oHJLMH2bps3naqh31KwU\nkQR57y4DSitmNgUFzlKlUGqQDpLGwb6H/uy3Xnjm66kooeNU4SGMAEe0VMcAT/O/\nh7FQvwLAR3ikaQaNwnSXiIMfNfI36e15RyVFZ780Rwn3+CCcIILiHGrgBZopzap8\na5jkh0SObJGvrIML3gu1vFg9o381is5H4iMPmbsHmnLEsh7n2He09MhyjEN7vTJS\nvFsw0OZJ5GVleop0CoroE2Uyg6HRWnQWVB8zy20odT1JF8MEYRSrkiwbuaTpEtWS\n9SLhAoIBAGKPMow3/SvL3NZvuHPviLzX8PERdb4LTLLrGNd+J/+PTYGzS1BIsVIc\nSvvebh+dIjwvxi4WrQDeQn7HGZI+FvEUDjw/W5TK4uZBgxN+gSDvp/4LbmrWXb0T\nStKHxF343GgW/6VIPq6SQcsLFIs3QECORb4FkRNLQTKyxFUvLf4Epor0e4AcGTPu\n9bHuR6hM6CvN9Sn3AhpDzs4SYRWo4WOqDPF8UzHmfodWOrCfLCTlkFQGMrTN+2Ht\nNNv0uLTPMVVL1rVWuQimf500uK+rMy2/UVdeSbv9Bb6K2iKrf/xTJUWJCZeN+K2B\nroGwt5X2X43hNa2sbjguiN3f7s3tBDMCggEAYlQpSi1k8Kmnfk9tZY48mxNU0OXT\nVGiqdqD1NdVNNVZmwv7QNGdrnEPJwnu2y3t/i5RrfK2k3PUS0yXpa/I3iuQ0md1+\nNHtneG7c6aGgrVQxvmwvHU5Xd92Zer2P/GjFis4zXkIkF4ShyM0eh0R7v/kIBDcy\nCLsXy+W0JZL+VdXlulJnXt5Q56ph70pXspnf5NVWPHwL2YgT8EyX+drtwEBGPmK2\noQdJjZIEcg6KxkXBXwVZ+nWcCyKjuUoD7NMzgAULyNmx8wcIZrDtNPfQZwFruowD\nDB7zslRTvn0Fq6epHVHFpXuBO4SzCwYCrekg+GPgwSFOB/IPf5imnA2tjg==\n-----END RSA PRIVATE KEY-----\n",
            "private_key_pem_pkcs8": "-----BEGIN PRIVATE KEY-----\nMIIJQQIBADANBgkqhkiG9w0BAQEFAASCCSswggknAgEAAoICAQDG+ssvmscsILQ7\nu4AS0ZQb8Lbh+3RsC0RCbGx6eAIjkmQE8c5sXtOGKz56LCpEfJ5w7weD/Gsk/SwE\nnLMfNnXRmczCmYrApM/mfHDuqZTQdtOWHEnjk24uVklcsrgNqInc3ctrZwzyn6wo\nBdZdbnnpcTQJ4nm9rdCVskxSp241JdKoxr5GtepNUF9THEgUPKvKMT0XhxWeIYio\nBCDZlgq4TAexb57jYzf+qmztpUTlA8rU1zlh7dvvpi249/1GFHtxY8nbpitEGyto\n09MNtJ1KqpFv0LEz6+uF7fWVv0vVGIg9myKjiCafVQeJ7hiXvh8+ujENb+YqXzJw\nIbMlsqiOrnjiDjzZrFIxHcgZUxFEt2XgSuGPVqdBw8U1x0pNQ88HDmtE2mJMD+BL\nfOkzEjojguBMoYX4s8QYdL2GqqRYSLnfthwNnalUUI6OiSaHLgeAbwOZ9QPlbh3P\n2DzZy+kOpbQRPaxlpAZ+zFHmakToBDQyjNKfsr8PWFvdWyq0vZqARwj5osGTq9Sr\nqjQLfqiD8P1Yab3IgJS18MhkBaSp8/sTlIGbI/D2/vWl/wiZbT5Fn4eTZ8fVxXup\nL6sDY/0ULEcVv2T/RQb3PT5Srqoulkb6ccAiOr8Ykq9Q+FE30cPFE7OK7hd9XGIp\n703x+u+1J+jbr+2K6hGH3kbJgo9E6wIDAQABAoICADqm9nmj0A3r3fS1gj0J1fSe\nceoO6vRmJcrGlvtKoKbHof/rHwPGt+cWnCX7GsJxUWrMqpR3NUYD8pOxdQNAVF5i\nTX8XL1U1v6qbB9bx2dHRFPFsiUMx1AqImLtgWux7v5eBMVMJX0GtW1u4zMVhqUHs\ngoBfZ69HqvJVSjYa8FtuOLhTTQce3F/Jzy96aKy+bYz+Epn60Z55GAUeomhA2AwX\nLTVaR6WTO5AvwEgUrUgsY/91KY76RBhSDaw2PUwJAZIc7gV25839jEAsIEwr7ylx\nOcmR5In/gr9Js1heuQWpY491STKXEXtp3v0DV/BytFcTHx5s25Wl1gJDjMER9qkD\nKjkHiIRPHrXDle9XxMifniwT5W57nCTKyeqhV/kFVccY3csiJ3SmMZYaM+YH2sZK\n8BZ9vvzCNSFh3nfgUX4n8uKMRJ25VFoCRWsp32ANx7N0MjFrDUwdyugqdSAn40H6\nfAE1nmFQWNGYILgYslB2A/riyDOTmJdvHpptffhnHWFVm+PNYHKQ5TTi9CZmxZkG\nAwugdmdlB449vkRH1Rs8Na6C7kyQqL45Yws6/6Ix+6JfICMc8We0J7Zqc2aAP3DK\nLr7pgHvAqwQdWjyw7EPFUITToGuA5ZjZVo1cex/JzhFGsa4wZDH8p2qd4q+1WaGo\nB+DKUhKiLqHdP5osE2dhAoIBAQDiPs2O7Lkv3QXVfCelX7CR0hUyhF5D3Y0OekFY\nfY60FDCPL9S54m8W7Bppq/iISET4JQKAIASRB/KxNsZI8GxlY+9cF5e6lq10I+Vf\ncxGaX5796/uAp6E4yBTfuQy1A5wWq72bJKc2XOr5XGdMSrUPlqUnI7n8MjgVde/F\nqLAgJwdOPec+WQ7ciIbs28fCF5vtiwMueR5FxmWzWs8KJ2jL1FeF9n1qg9v47aI9\nyZ+oNh+HAw2YfisgkQyK5R5vVCNajsz8ZOto+Y+sJFx4ySwGWmHF2KFtKxOrWK3/\no111/inEVSkj7bhanutPi7IXlBTutt8Hhb31tK5G8ubiWEnJAoIBAQDhJgOeHcxe\nNBBnVimGoBuF1Bh1c6lwk5Rw0vrbRZH9w1A4ZvvUPYN5Tv1ee798Lb1IkrhISUUW\nwbf/lf6aI0HtO/wu/IJsjAV4ozNqfuBzgowFfdlh54B2pzQZ+NVsuSlVCuAHx7Yt\nEimBPmEEPJooKNFXwRnE6bkTzOocWpTws8qQWiWkyFtyMVMXtXynjG4MWdkluGHh\nxGJZ8HvbAPbSo1G99hDHHH7w6uD7OY2WGIzJsE3EM8raJM5+vhbyTUbhyYzYvc0v\nbE3hN7mUuSpnKFWCTakEsQSFLSYf+lATceuAGLEdU7GKtzHwIKKI4fyX89MfsALA\n+0n3/nikOPMTAoIBAGXW1ziKniFJYCLkrAPoutYotpnys2vhAmmN5nQqsF2m6OTL\nJvo1TsQGqyz91/WgckswfZumzedqqHfUrBSRBHnvLgNKK2Y2BQXOUqVQapAOksbB\nvof+7LdeeObrqSih41ThIYwAR7RUxwBP87+HsVC/AsBHeKRpBo3CdJeIgx818jfp\n7XlHJUVnvzRHCff4IJwgguIcauAFminNqnxrmOSHRI5ska+sgwveC7W8WD2jfzWK\nzkfiIw+ZuweacsSyHufYd7T0yHKMQ3u9MlK8WzDQ5knkZWV6inQKiugTZTKDodFa\ndBZUHzPLbSh1PUkXwwRhFKuSLBu5pOkS1ZL1IuECggEAYo8yjDf9K8vc1m+4c++I\nvNfw8RF1vgtMsusY134n/49NgbNLUEixUhxK+95uH50iPC/GLhatAN5CfscZkj4W\n8RQOPD9blMri5kGDE36BIO+n/gtuatZdvRNK0ofEXfjcaBb/pUg+rpJBywsUizdA\nQI5FvgWRE0tBMrLEVS8t/gSmivR7gBwZM+71se5HqEzoK831KfcCGkPOzhJhFajh\nY6oM8XxTMeZ+h1Y6sJ8sJOWQVAYytM37Ye002/S4tM8xVUvWtVa5CKZ/nTS4r6sz\nLb9RV15Ju/0FvoraIqt//FMlRYkJl434rYGugbC3lfZfjeE1raxuOC6I3d/uze0E\nMwKCAQBiVClKLWTwqad+T21ljjybE1TQ5dNUaKp2oPU11U01VmbC/tA0Z2ucQ8nC\ne7bLe3+LlGt8raTc9RLTJelr8jeK5DSZ3X40e2d4btzpoaCtVDG+bC8dTld33Zl6\nvY/8aMWKzjNeQiQXhKHIzR6HRHu/+QgENzIIuxfL5bQlkv5V1eW6Umde3lDnqmHv\nSleymd/k1VY8fAvZiBPwTJf52u3AQEY+YrahB0mNkgRyDorGRcFfBVn6dZwLIqO5\nSgPs0zOABQvI2bHzBwhmsO0099BnAWu6jAMMHvOyVFO+fQWrp6kdUcWle4E7hLML\nBgKt6SD4Y+DBIU4H8g9/mKacDa2O\n-----END PRIVATE KEY-----\n",
            "public_key_fingerprint_md5": "66:47:3a:76:7c:d5:cb:41:a8:1c:0f:b7:16:8a:9f:c7",
            "public_key_fingerprint_sha256": "SHA256:ecICHNar+dfbfyQY3f0dG0Uf0Mz8noNS+8gnKD6LDaQ",
            "public_key_openssh": "ssh-rsa AAAAB3NzaC1yc2EAAAADAQABAAACAQDG+ssvmscsILQ7u4AS0ZQb8Lbh+3RsC0RCbGx6eAIjkmQE8c5sXtOGKz56LCpEfJ5w7weD/Gsk/SwEnLMfNnXRmczCmYrApM/mfHDuqZTQdtOWHEnjk24uVklcsrgNqInc3ctrZwzyn6woBdZdbnnpcTQJ4nm9rdCVskxSp241JdKoxr5GtepNUF9THEgUPKvKMT0XhxWeIYioBCDZlgq4TAexb57jYzf+qmztpUTlA8rU1zlh7dvvpi249/1GFHtxY8nbpitEGyto09MNtJ1KqpFv0LEz6+uF7fWVv0vVGIg9myKjiCafVQeJ7hiXvh8+ujENb+YqXzJwIbMlsqiOrnjiDjzZrFIxHcgZUxFEt2XgSuGPVqdBw8U1x0pNQ88HDmtE2mJMD+BLfOkzEjojguBMoYX4s8QYdL2GqqRYSLnfthwNnalUUI6OiSaHLgeAbwOZ9QPlbh3P2DzZy+kOpbQRPaxlpAZ+zFHmakToBDQyjNKfsr8PWFvdWyq0vZqARwj5osGTq9SrqjQLfqiD8P1Yab3IgJS18MhkBaSp8/sTlIGbI/D2/vWl/wiZbT5Fn4eTZ8fVxXupL6sDY/0ULEcVv2T/RQb3PT5Srqoulkb6ccAiOr8Ykq9Q+FE30cPFE7OK7hd9XGIp703x+u+1J+jbr+2K6hGH3kbJgo9E6w==\n",
            "public_key_pem": "-----BEGIN PUBLIC KEY-----\nMIICIjANBgkqhkiG9w0BAQEFAAOCAg8AMIICCgKCAgEAxvrLL5rHLCC0O7uAEtGU\nG/C24ft0bAtEQmxsengCI5JkBPHObF7This+eiwqRHyecO8Hg/xrJP0sBJyzHzZ1\n0ZnMwpmKwKTP5nxw7qmU0HbTlhxJ45NuLlZJXLK4DaiJ3N3La2cM8p+sKAXWXW55\n6XE0CeJ5va3QlbJMUqduNSXSqMa+RrXqTVBfUxxIFDyryjE9F4cVniGIqAQg2ZYK\nuEwHsW+e42M3/qps7aVE5QPK1Nc5Ye3b76YtuPf9RhR7cWPJ26YrRBsraNPTDbSd\nSqqRb9CxM+vrhe31lb9L1RiIPZsio4gmn1UHie4Yl74fProxDW/mKl8ycCGzJbKo\njq544g482axSMR3IGVMRRLdl4Erhj1anQcPFNcdKTUPPBw5rRNpiTA/gS3zpMxI6\nI4LgTKGF+LPEGHS9hqqkWEi537YcDZ2pVFCOjokmhy4HgG8DmfUD5W4dz9g82cvp\nDqW0ET2sZaQGfsxR5mpE6AQ0MozSn7K/D1hb3VsqtL2agEcI+aLBk6vUq6o0C36o\ng/D9WGm9yICUtfDIZAWkqfP7E5SBmyPw9v71pf8ImW0+RZ+Hk2fH1cV7qS+rA2P9\nFCxHFb9k/0UG9z0+Uq6qLpZG+nHAIjq/GJKvUPhRN9HDxROziu4XfVxiKe9N8frv\ntSfo26/tiuoRh95GyYKPROsCAwEAAQ==\n-----END PUBLIC KEY-----\n",
            "rsa_bits": 4096
          },
          "sensitive_attributes": []
        }
      ]
    },
    {
      "module": "module.ec2_instance[\"kubemaster\"]",
      "mode": "managed",
      "type": "aws_instance",
      "name": "this",
      "provider": "provider[\"registry.terraform.io/hashicorp/aws\"]",
      "instances": [
        {
          "index_key": 0,
          "schema_version": 1,
          "attributes": {
            "ami": "ami-00874d747dde814fa",
            "arn": "arn:aws:ec2:us-east-1:556563769160:instance/i-0f4a4280ee9ba2ab7",
            "associate_public_ip_address": true,
            "availability_zone": "us-east-1b",
            "capacity_reservation_specification": [
              {
                "capacity_reservation_preference": "open",
                "capacity_reservation_target": []
              }
            ],
            "cpu_core_count": 2,
            "cpu_threads_per_core": 1,
            "credit_specification": [
              {
                "cpu_credits": "standard"
              }
            ],
            "disable_api_stop": false,
            "disable_api_termination": false,
            "ebs_block_device": [],
            "ebs_optimized": false,
            "enclave_options": [
              {
                "enabled": false
              }
            ],
            "ephemeral_block_device": [],
            "get_password_data": false,
            "hibernation": false,
            "host_id": "",
            "host_resource_group_arn": null,
            "iam_instance_profile": "",
            "id": "i-0f4a4280ee9ba2ab7",
            "instance_initiated_shutdown_behavior": "stop",
            "instance_state": "running",
            "instance_type": "t2.medium",
            "ipv6_address_count": 0,
            "ipv6_addresses": [],
            "key_name": "demo",
            "launch_template": [],
            "maintenance_options": [
              {
                "auto_recovery": "default"
              }
            ],
            "metadata_options": [
              {
                "http_endpoint": "enabled",
                "http_put_response_hop_limit": 1,
                "http_tokens": "optional",
                "instance_metadata_tags": "disabled"
              }
            ],
            "monitoring": true,
            "network_interface": [],
            "outpost_arn": "",
            "password_data": "",
            "placement_group": "",
            "placement_partition_number": 0,
            "primary_network_interface_id": "eni-0f9d8b8a1f8d393b5",
            "private_dns": "ip-10-0-1-10.ec2.internal",
            "private_dns_name_options": [
              {
                "enable_resource_name_dns_a_record": false,
                "enable_resource_name_dns_aaaa_record": false,
                "hostname_type": "ip-name"
              }
            ],
            "private_ip": "10.0.1.10",
            "public_dns": "",
            "public_ip": "3.95.232.59",
            "root_block_device": [
              {
                "delete_on_termination": true,
                "device_name": "/dev/sda1",
                "encrypted": false,
                "iops": 100,
                "kms_key_id": "",
                "tags": {},
                "throughput": 0,
                "volume_id": "vol-042d703fa67364290",
                "volume_size": 8,
                "volume_type": "gp2"
              }
            ],
            "secondary_private_ips": [],
            "security_groups": [],
            "source_dest_check": true,
            "subnet_id": "subnet-072a4922b6ce99c37",
            "tags": {
              "Environment": "dev",
              "Name": "kubemaster",
              "Terraform": "true"
            },
            "tags_all": {
              "Environment": "dev",
              "Name": "kubemaster",
              "Terraform": "true"
            },
            "tenancy": "default",
            "timeouts": {
              "create": null,
              "delete": null,
              "update": null
            },
            "user_data": null,
            "user_data_base64": null,
            "user_data_replace_on_change": false,
            "volume_tags": {
              "Name": "kubemaster"
            },
            "vpc_security_group_ids": [
              "sg-0930e8db1e5021853"
            ]
          },
          "sensitive_attributes": [],
          "private": "eyJlMmJmYjczMC1lY2FhLTExZTYtOGY4OC0zNDM2M2JjN2M0YzAiOnsiY3JlYXRlIjo2MDAwMDAwMDAwMDAsImRlbGV0ZSI6MTIwMDAwMDAwMDAwMCwidXBkYXRlIjo2MDAwMDAwMDAwMDB9LCJzY2hlbWFfdmVyc2lvbiI6IjEifQ==",
          "dependencies": [
            "aws_security_group.proj-sg",
            "aws_subnet.proj-subnet",
            "aws_vpc.proj-vpc"
          ]
        }
      ]
    },
    {
      "module": "module.ec2_instance[\"kubeworker-1\"]",
      "mode": "managed",
      "type": "aws_instance",
      "name": "this",
      "provider": "provider[\"registry.terraform.io/hashicorp/aws\"]",
      "instances": [
        {
          "index_key": 0,
          "schema_version": 1,
          "attributes": {
            "ami": "ami-00874d747dde814fa",
            "arn": "arn:aws:ec2:us-east-1:556563769160:instance/i-0c9278d434f174325",
            "associate_public_ip_address": true,
            "availability_zone": "us-east-1b",
            "capacity_reservation_specification": [
              {
                "capacity_reservation_preference": "open",
                "capacity_reservation_target": []
              }
            ],
            "cpu_core_count": 2,
            "cpu_threads_per_core": 1,
            "credit_specification": [
              {
                "cpu_credits": "standard"
              }
            ],
            "disable_api_stop": false,
            "disable_api_termination": false,
            "ebs_block_device": [],
            "ebs_optimized": false,
            "enclave_options": [
              {
                "enabled": false
              }
            ],
            "ephemeral_block_device": [],
            "get_password_data": false,
            "hibernation": false,
            "host_id": "",
            "host_resource_group_arn": null,
            "iam_instance_profile": "",
            "id": "i-0c9278d434f174325",
            "instance_initiated_shutdown_behavior": "stop",
            "instance_state": "running",
            "instance_type": "t2.medium",
            "ipv6_address_count": 0,
            "ipv6_addresses": [],
            "key_name": "demo",
            "launch_template": [],
            "maintenance_options": [
              {
                "auto_recovery": "default"
              }
            ],
            "metadata_options": [
              {
                "http_endpoint": "enabled",
                "http_put_response_hop_limit": 1,
                "http_tokens": "optional",
                "instance_metadata_tags": "disabled"
              }
            ],
            "monitoring": true,
            "network_interface": [],
            "outpost_arn": "",
            "password_data": "",
            "placement_group": "",
            "placement_partition_number": 0,
            "primary_network_interface_id": "eni-043ad245d39432c5a",
            "private_dns": "ip-10-0-1-11.ec2.internal",
            "private_dns_name_options": [
              {
                "enable_resource_name_dns_a_record": false,
                "enable_resource_name_dns_aaaa_record": false,
                "hostname_type": "ip-name"
              }
            ],
            "private_ip": "10.0.1.11",
            "public_dns": "",
            "public_ip": "107.22.77.133",
            "root_block_device": [
              {
                "delete_on_termination": true,
                "device_name": "/dev/sda1",
                "encrypted": false,
                "iops": 100,
                "kms_key_id": "",
                "tags": {},
                "throughput": 0,
                "volume_id": "vol-03311cca7b4d591f1",
                "volume_size": 8,
                "volume_type": "gp2"
              }
            ],
            "secondary_private_ips": [],
            "security_groups": [],
            "source_dest_check": true,
            "subnet_id": "subnet-072a4922b6ce99c37",
            "tags": {
              "Environment": "dev",
              "Name": "kubeworker-1",
              "Terraform": "true"
            },
            "tags_all": {
              "Environment": "dev",
              "Name": "kubeworker-1",
              "Terraform": "true"
            },
            "tenancy": "default",
            "timeouts": {
              "create": null,
              "delete": null,
              "update": null
            },
            "user_data": null,
            "user_data_base64": null,
            "user_data_replace_on_change": false,
            "volume_tags": {
              "Name": "kubeworker-1"
            },
            "vpc_security_group_ids": [
              "sg-0930e8db1e5021853"
            ]
          },
          "sensitive_attributes": [],
          "private": "eyJlMmJmYjczMC1lY2FhLTExZTYtOGY4OC0zNDM2M2JjN2M0YzAiOnsiY3JlYXRlIjo2MDAwMDAwMDAwMDAsImRlbGV0ZSI6MTIwMDAwMDAwMDAwMCwidXBkYXRlIjo2MDAwMDAwMDAwMDB9LCJzY2hlbWFfdmVyc2lvbiI6IjEifQ==",
          "dependencies": [
            "aws_security_group.proj-sg",
            "aws_subnet.proj-subnet",
            "aws_vpc.proj-vpc"
          ]
        }
      ]
    },
    {
      "module": "module.ec2_instance[\"kubeworker-2\"]",
      "mode": "managed",
      "type": "aws_instance",
      "name": "this",
      "provider": "provider[\"registry.terraform.io/hashicorp/aws\"]",
      "instances": [
        {
          "index_key": 0,
          "schema_version": 1,
          "attributes": {
            "ami": "ami-00874d747dde814fa",
            "arn": "arn:aws:ec2:us-east-1:556563769160:instance/i-0ea633a4683f76332",
            "associate_public_ip_address": true,
            "availability_zone": "us-east-1b",
            "capacity_reservation_specification": [
              {
                "capacity_reservation_preference": "open",
                "capacity_reservation_target": []
              }
            ],
            "cpu_core_count": 2,
            "cpu_threads_per_core": 1,
            "credit_specification": [
              {
                "cpu_credits": "standard"
              }
            ],
            "disable_api_stop": false,
            "disable_api_termination": false,
            "ebs_block_device": [],
            "ebs_optimized": false,
            "enclave_options": [
              {
                "enabled": false
              }
            ],
            "ephemeral_block_device": [],
            "get_password_data": false,
            "hibernation": false,
            "host_id": "",
            "host_resource_group_arn": null,
            "iam_instance_profile": "",
            "id": "i-0ea633a4683f76332",
            "instance_initiated_shutdown_behavior": "stop",
            "instance_state": "running",
            "instance_type": "t2.medium",
            "ipv6_address_count": 0,
            "ipv6_addresses": [],
            "key_name": "demo",
            "launch_template": [],
            "maintenance_options": [
              {
                "auto_recovery": "default"
              }
            ],
            "metadata_options": [
              {
                "http_endpoint": "enabled",
                "http_put_response_hop_limit": 1,
                "http_tokens": "optional",
                "instance_metadata_tags": "disabled"
              }
            ],
            "monitoring": true,
            "network_interface": [],
            "outpost_arn": "",
            "password_data": "",
            "placement_group": "",
            "placement_partition_number": 0,
            "primary_network_interface_id": "eni-0a124ba244250d0f2",
            "private_dns": "ip-10-0-1-12.ec2.internal",
            "private_dns_name_options": [
              {
                "enable_resource_name_dns_a_record": false,
                "enable_resource_name_dns_aaaa_record": false,
                "hostname_type": "ip-name"
              }
            ],
            "private_ip": "10.0.1.12",
            "public_dns": "",
            "public_ip": "54.198.244.229",
            "root_block_device": [
              {
                "delete_on_termination": true,
                "device_name": "/dev/sda1",
                "encrypted": false,
                "iops": 100,
                "kms_key_id": "",
                "tags": {},
                "throughput": 0,
                "volume_id": "vol-005d20e81be670207",
                "volume_size": 8,
                "volume_type": "gp2"
              }
            ],
            "secondary_private_ips": [],
            "security_groups": [],
            "source_dest_check": true,
            "subnet_id": "subnet-072a4922b6ce99c37",
            "tags": {
              "Environment": "dev",
              "Name": "kubeworker-2",
              "Terraform": "true"
            },
            "tags_all": {
              "Environment": "dev",
              "Name": "kubeworker-2",
              "Terraform": "true"
            },
            "tenancy": "default",
            "timeouts": {
              "create": null,
              "delete": null,
              "update": null
            },
            "user_data": null,
            "user_data_base64": null,
            "user_data_replace_on_change": false,
            "volume_tags": {
              "Name": "kubeworker-2"
            },
            "vpc_security_group_ids": [
              "sg-0930e8db1e5021853"
            ]
          },
          "sensitive_attributes": [],
          "private": "eyJlMmJmYjczMC1lY2FhLTExZTYtOGY4OC0zNDM2M2JjN2M0YzAiOnsiY3JlYXRlIjo2MDAwMDAwMDAwMDAsImRlbGV0ZSI6MTIwMDAwMDAwMDAwMCwidXBkYXRlIjo2MDAwMDAwMDAwMDB9LCJzY2hlbWFfdmVyc2lvbiI6IjEifQ==",
          "dependencies": [
            "aws_security_group.proj-sg",
            "aws_subnet.proj-subnet",
            "aws_vpc.proj-vpc"
          ]
        }
      ]
    },
    {
      "module": "module.ec2_instance[\"nfs-server\"]",
      "mode": "managed",
      "type": "aws_instance",
      "name": "this",
      "provider": "provider[\"registry.terraform.io/hashicorp/aws\"]",
      "instances": [
        {
          "index_key": 0,
          "schema_version": 1,
          "attributes": {
            "ami": "ami-00874d747dde814fa",
            "arn": "arn:aws:ec2:us-east-1:556563769160:instance/i-039e5436965969d77",
            "associate_public_ip_address": true,
            "availability_zone": "us-east-1b",
            "capacity_reservation_specification": [
              {
                "capacity_reservation_preference": "open",
                "capacity_reservation_target": []
              }
            ],
            "cpu_core_count": 1,
            "cpu_threads_per_core": 1,
            "credit_specification": [
              {
                "cpu_credits": "standard"
              }
            ],
            "disable_api_stop": false,
            "disable_api_termination": false,
            "ebs_block_device": [],
            "ebs_optimized": false,
            "enclave_options": [
              {
                "enabled": false
              }
            ],
            "ephemeral_block_device": [],
            "get_password_data": false,
            "hibernation": false,
            "host_id": "",
            "host_resource_group_arn": null,
            "iam_instance_profile": "",
            "id": "i-039e5436965969d77",
            "instance_initiated_shutdown_behavior": "stop",
            "instance_state": "running",
            "instance_type": "t2.micro",
            "ipv6_address_count": 0,
            "ipv6_addresses": [],
            "key_name": "demo",
            "launch_template": [],
            "maintenance_options": [
              {
                "auto_recovery": "default"
              }
            ],
            "metadata_options": [
              {
                "http_endpoint": "enabled",
                "http_put_response_hop_limit": 1,
                "http_tokens": "optional",
                "instance_metadata_tags": "disabled"
              }
            ],
            "monitoring": true,
            "network_interface": [],
            "outpost_arn": "",
            "password_data": "",
            "placement_group": "",
            "placement_partition_number": 0,
            "primary_network_interface_id": "eni-087680f790d8df963",
            "private_dns": "ip-10-0-1-13.ec2.internal",
            "private_dns_name_options": [
              {
                "enable_resource_name_dns_a_record": false,
                "enable_resource_name_dns_aaaa_record": false,
                "hostname_type": "ip-name"
              }
            ],
            "private_ip": "10.0.1.13",
            "public_dns": "",
            "public_ip": "54.175.75.194",
            "root_block_device": [
              {
                "delete_on_termination": true,
                "device_name": "/dev/sda1",
                "encrypted": false,
                "iops": 100,
                "kms_key_id": "",
                "tags": {},
                "throughput": 0,
                "volume_id": "vol-037b394a7371e1ea5",
                "volume_size": 8,
                "volume_type": "gp2"
              }
            ],
            "secondary_private_ips": [],
            "security_groups": [],
            "source_dest_check": true,
            "subnet_id": "subnet-072a4922b6ce99c37",
            "tags": {
              "Environment": "dev",
              "Name": "nfs-server",
              "Terraform": "true"
            },
            "tags_all": {
              "Environment": "dev",
              "Name": "nfs-server",
              "Terraform": "true"
            },
            "tenancy": "default",
            "timeouts": {
              "create": null,
              "delete": null,
              "update": null
            },
            "user_data": null,
            "user_data_base64": null,
            "user_data_replace_on_change": false,
            "volume_tags": {
              "Name": "nfs-server"
            },
            "vpc_security_group_ids": [
              "sg-0930e8db1e5021853"
            ]
          },
          "sensitive_attributes": [],
          "private": "eyJlMmJmYjczMC1lY2FhLTExZTYtOGY4OC0zNDM2M2JjN2M0YzAiOnsiY3JlYXRlIjo2MDAwMDAwMDAwMDAsImRlbGV0ZSI6MTIwMDAwMDAwMDAwMCwidXBkYXRlIjo2MDAwMDAwMDAwMDB9LCJzY2hlbWFfdmVyc2lvbiI6IjEifQ==",
          "dependencies": [
            "aws_security_group.proj-sg",
            "aws_subnet.proj-subnet",
            "aws_vpc.proj-vpc"
          ]
        }
      ]
    }
  ],
  "check_results": null
}
